<Solution>
  <Project Path="Teltonika.AVL.Abstractions/Teltonika.AVL.Abstractions.csproj" />
  <Project Path="Teltonika.AVL.AppHost/Teltonika.AVL.AppHost.csproj" />
  <Project Path="Teltonika.AVL.AspNetCore/Teltonika.AVL.AspNetCore.csproj" />
  <Project Path="Teltonika.AVL.Benchmarks/Teltonika.AVL.Benchmarks.csproj" />
  <Project Path="Teltonika.AVL.Server/Teltonika.AVL.Server.csproj" />
  <Project Path="Teltonika.AVL.Simulator/Teltonika.AVL.Simulator.csproj" />
  <Project Path="Teltonika.AVL.Tests/Teltonika.AVL.Tests.csproj" />
  <Project Path="Teltonika.AVL/Teltonika.AVL.csproj" />
</Solution>
