<Solution>
  <Folder Name="/src/">
    <Project Path="src/Teltonika.Avl/Teltonika.Avl.csproj" />
    <Project Path="src/Teltonika.Avl.Elements/Teltonika.Avl.Elements.csproj" />
  </Folder>
  <Folder Name="/benchmarks/">
    <Project Path="benchmarks/Teltonika.Avl.Benchmarks/Teltonika.Avl.Benchmarks.csproj" />
  </Folder>
  <Folder Name="/tests/">
    <Project Path="tests/Teltonika.Avl.Tests/Teltonika.Avl.Tests.csproj" />
    <Project Path="tests/Teltonika.Avl.Elements.Tests/Teltonika.Avl.Elements.Tests.csproj" />
  </Folder>
</Solution>
